
Microsoft Visual Studio Solution File, Format Version 12.00
# Visual Studio Version 17
VisualStudioVersion = 17.4.33213.308
MinimumVisualStudioVersion = 10.0.40219.1
Project("{FAE04EC0-301F-11D3-BF4B-00C04F79EFBC}") = "Ejer4.4.4", "Ejer4.4.4\Ejer4.4.4.csproj", "{8363015E-8FD4-47C0-A3C3-244FCFE8DA5B}"
EndProject
Global
	GlobalSection(SolutionConfigurationPlatforms) = preSolution
		Debug|Any CPU = Debug|Any CPU
		Release|Any CPU = Release|Any CPU
	EndGlobalSection
	GlobalSection(ProjectConfigurationPlatforms) = postSolution
		{8363015E-8FD4-47C0-A3C3-244FCFE8DA5B}.Debug|Any CPU.ActiveCfg = Debug|Any CPU
		{8363015E-8FD4-47C0-A3C3-244FCFE8DA5B}.Debug|Any CPU.Build.0 = Debug|Any CPU
		{8363015E-8FD4-47C0-A3C3-244FCFE8DA5B}.Release|Any CPU.ActiveCfg = Release|Any CPU
		{8363015E-8FD4-47C0-A3C3-244FCFE8DA5B}.Release|Any CPU.Build.0 = Release|Any CPU
	EndGlobalSection
	GlobalSection(SolutionProperties) = preSolution
		HideSolutionNode = FALSE
	EndGlobalSection
	GlobalSection(ExtensibilityGlobals) = postSolution
		SolutionGuid = {7E3109B6-F59C-4169-A5B3-AC756533E844}
	EndGlobalSection
EndGlobal
